
Microsoft Visual Studio Solution File, Format Version 12.00
# Visual Studio 15
VisualStudioVersion = 15.0.27428.2015
MinimumVisualStudioVersion = 10.0.40219.1
Project("{FAE04EC0-301F-11D3-BF4B-00C04F79EFBC}") = "ConsoleApp2", "ConsoleApp2\ConsoleApp2.csproj", "{EF1BC0C9-6AFA-4247-9E28-85D88EF3ACB9}"
EndProject
Global
	GlobalSection(SolutionConfigurationPlatforms) = preSolution
		Debug|Any CPU = Debug|Any CPU
		Release|Any CPU = Release|Any CPU
	EndGlobalSection
	GlobalSection(ProjectConfigurationPlatforms) = postSolution
		{EF1BC0C9-6AFA-4247-9E28-85D88EF3ACB9}.Debug|Any CPU.ActiveCfg = Debug|Any CPU
		{EF1BC0C9-6AFA-4247-9E28-85D88EF3ACB9}.Debug|Any CPU.Build.0 = Debug|Any CPU
		{EF1BC0C9-6AFA-4247-9E28-85D88EF3ACB9}.Release|Any CPU.ActiveCfg = Release|Any CPU
		{EF1BC0C9-6AFA-4247-9E28-85D88EF3ACB9}.Release|Any CPU.Build.0 = Release|Any CPU
	EndGlobalSection
	GlobalSection(SolutionProperties) = preSolution
		HideSolutionNode = FALSE
	EndGlobalSection
	GlobalSection(ExtensibilityGlobals) = postSolution
		SolutionGuid = {2BBCFD05-9B8C-408B-A0C0-2C58CC826759}
	EndGlobalSection
EndGlobal
